
Microsoft Visual Studio Solution File, Format Version 12.00
# Visual Studio Version 17
VisualStudioVersion = 17.8.34322.80
MinimumVisualStudioVersion = 10.0.40219.1
Project("{9A19103F-16F7-4668-BE54-9A1E7A4F7556}") = "WebSocket.Abstractions", "WebSocket.Abstractions\WebSocket.Abstractions.csproj", "{3012C3F0-DFB6-4BA1-98A7-762031428500}"
EndProject
Project("{9A19103F-16F7-4668-BE54-9A1E7A4F7556}") = "WebSocket.Server", "WebSocket.Server\WebSocket.Server.csproj", "{5B480AB2-BFD8-487D-B427-DDC5AEBBF66B}"
EndProject
Project("{FAE04EC0-301F-11D3-BF4B-00C04F79EFBC}") = "WebSocket.Web.Host", "WebSocket.Web.Host\WebSocket.Web.Host.csproj", "{FFA972CE-D9DC-4537-AF8E-6604ECCDBD55}"
EndProject
Global
	GlobalSection(SolutionConfigurationPlatforms) = preSolution
		Debug|Any CPU = Debug|Any CPU
		Release|Any CPU = Release|Any CPU
	EndGlobalSection
	GlobalSection(ProjectConfigurationPlatforms) = postSolution
		{3012C3F0-DFB6-4BA1-98A7-762031428500}.Debug|Any CPU.ActiveCfg = Debug|Any CPU
		{3012C3F0-DFB6-4BA1-98A7-762031428500}.Debug|Any CPU.Build.0 = Debug|Any CPU
		{3012C3F0-DFB6-4BA1-98A7-762031428500}.Release|Any CPU.ActiveCfg = Release|Any CPU
		{3012C3F0-DFB6-4BA1-98A7-762031428500}.Release|Any CPU.Build.0 = Release|Any CPU
		{5B480AB2-BFD8-487D-B427-DDC5AEBBF66B}.Debug|Any CPU.ActiveCfg = Debug|Any CPU
		{5B480AB2-BFD8-487D-B427-DDC5AEBBF66B}.Debug|Any CPU.Build.0 = Debug|Any CPU
		{5B480AB2-BFD8-487D-B427-DDC5AEBBF66B}.Release|Any CPU.ActiveCfg = Release|Any CPU
		{5B480AB2-BFD8-487D-B427-DDC5AEBBF66B}.Release|Any CPU.Build.0 = Release|Any CPU
		{FFA972CE-D9DC-4537-AF8E-6604ECCDBD55}.Debug|Any CPU.ActiveCfg = Debug|Any CPU
		{FFA972CE-D9DC-4537-AF8E-6604ECCDBD55}.Debug|Any CPU.Build.0 = Debug|Any CPU
		{FFA972CE-D9DC-4537-AF8E-6604ECCDBD55}.Release|Any CPU.ActiveCfg = Release|Any CPU
		{FFA972CE-D9DC-4537-AF8E-6604ECCDBD55}.Release|Any CPU.Build.0 = Release|Any CPU
	EndGlobalSection
	GlobalSection(SolutionProperties) = preSolution
		HideSolutionNode = FALSE
	EndGlobalSection
	GlobalSection(ExtensibilityGlobals) = postSolution
		SolutionGuid = {852900CF-6B05-4C8D-B5C2-29BA7D710306}
	EndGlobalSection
EndGlobal
